{"1.2.0",
[{<<"awre">>,
  {git,"https://github.com/xentelar/awre.git",
       {ref,"7bad26b28d6680846e89f70953df5f3c72404647"}},
  0},
 {<<"backoff">>,
  {git,"https://github.com/ferd/backoff.git",
       {ref,"4b8c02d038de1055481b0193665944e11fec337e"}},
  0},
 {<<"epo_runtime">>,
  {git,"https://github.com/brigadier/epo_runtime.git",
       {ref,"c403f40237abc93fedfbbed6462f77121bf14be9"}},
  0},
 {<<"jsone">>,
  {git,"https://github.com/sile/jsone.git",
       {ref,"5b8a8581743e5975f1b4062f768cff1e75ee39ef"}},
  0},
 {<<"msgpack">>,{pkg,<<"msgpack">>,<<"0.7.0">>},0},
 {<<"pbkdf2">>,
  {git,"https://github.com/pma/erlang-pbkdf2",
       {ref,"93b290d72b107747c717fb1f55811d2ebc1b73ed"}},
  0},
 {<<"wamper">>,
  {git,"https://github.com/xentelar/wamper.git",
       {ref,"a647bf276a9469fc75fb1e980f1d236ca71e4579"}},
  0}]}.
[
{pkg_hash,[
 {<<"msgpack">>, <<"128AE0A2227C7E7A2847C0F0F73551C268464F8C1EE96BFFB920BC0A5712B295">>}]},
{pkg_hash_ext,[
 {<<"msgpack">>, <<"4649353DA003E6F438D105E4B1E0F17757F6F5EC8687A6F30875FF3AC4CE2A51">>}]}
].
