{"1.1.0",
[{<<"awre">>,
  {git,"https://github.com/frepond/awre.git",
       {ref,"36d3bce41dd0b8ded26fbe8f9ed76290db4df19d"}},
  0},
 {<<"backoff">>,
  {git,"https://github.com/ferd/backoff.git",
       {ref,"cc6160ba8f15204db4c23618dfc93932535f1d64"}},
  0},
 {<<"goldrush">>,{pkg,<<"goldrush">>,<<"0.1.9">>},1},
 {<<"jsx">>,
  {git,"https://github.com/talentdeficit/jsx.git",
       {ref,"d4b6d3dc5fd9e759ff7a0c476654ea5124f5bae9"}},
  0},
 {<<"lager">>,
  {git,"https://github.com/erlang-lager/lager.git",
       {ref,"a10c23c51dea6bbd63e5048c8a5a702169973114"}},
  0},
 {<<"msgpack">>,
  {git,"https://github.com/msgpack/msgpack-erlang",
       {ref,"a1e015d35166baa80e55b38b95d02a1b149fe524"}},
  0},
 {<<"pbkdf2">>,
  {git,"https://github.com/pma/erlang-pbkdf2",
       {ref,"93b290d72b107747c717fb1f55811d2ebc1b73ed"}},
  0},
 {<<"poolboy">>,{pkg,<<"poolboy">>,<<"1.5.1">>},0},
 {<<"sidejob">>,
  {git,"https://github.com/Leapsight/sidejob.git",
       {ref,"7303271911b86d94266528d5429dd25f589f745d"}},
  0},
 {<<"wamper">>,
  {git,"https://github.com/frepond/wamper.git",
       {ref,"55f2337a88b8defc67c7def0becc8fb14654fac0"}},
  0}]}.
[
{pkg_hash,[
 {<<"goldrush">>, <<"F06E5D5F1277DA5C413E84D5A2924174182FB108DABB39D5EC548B27424CD106">>},
 {<<"poolboy">>, <<"6B46163901CFD0A1B43D692657ED9D7E599853B3B21B95AE5AE0A777CF9B6CA8">>}]}
].
