{"1.2.0",
[{<<"awre">>,
  {git,"https://github.com/leapsight/awre.git",
       {ref,"3b39c445e73f2067eb345328d80f6b6aec9d6540"}},
  0},
 {<<"backoff">>,{pkg,<<"backoff">>,<<"1.1.6">>},0},
 {<<"jsone">>,{pkg,<<"jsone">>,<<"1.8.1">>},0},
 {<<"msgpack">>,{pkg,<<"msgpack">>,<<"0.8.1">>},0},
 {<<"pbkdf2">>,
  {git,"https://github.com/leapsight-oss/erlang-pbkdf2.git",
       {ref,"84f964b1875b047c3ad93d43cc350c45d6e27f9c"}},
  0},
 {<<"wamper">>,
  {git,"https://github.com/leapsight/wamper.git",
       {ref,"0d7cc7c2ebd396f0cf1e8d512c708f4d855157d0"}},
  0}]}.
[
{pkg_hash,[
 {<<"backoff">>, <<"83B72ED2108BA1EE8F7D1C22E0B4A00CFE3593A67DBC792799E8CCE9F42F796B">>},
 {<<"jsone">>, <<"6BC74D3863D55D420077346DA97C601711017A057F2FD1DF65D6D65DD562FBAB">>},
 {<<"msgpack">>, <<"DEB35C13291EAFE56AD9870374C2EAA92323DC5503D50432EBCAF47052E6D343">>}]},
{pkg_hash_ext,[
 {<<"backoff">>, <<"CF0CFFF8995FB20562F822E5CC47D8CCF664C5ECDC26A684CBE85C225F9D7C39">>},
 {<<"jsone">>, <<"C78918124148C51A7A84C678E39BBC6281F8CB582F1D88584628A98468E99738">>},
 {<<"msgpack">>, <<"04D9A75BC6F4BED8627EE1E7AA9DF37601F510FDC786A84FE932BB21D765565F">>}]}
].
